
Microsoft Visual Studio Solution File, Format Version 12.00
# Visual Studio Version 16
VisualStudioVersion = 16.0.30114.105
MinimumVisualStudioVersion = 10.0.40219.1
Project("{9A19103F-16F7-4668-BE54-9A1E7A4F7556}") = "SmartHub.Api", "SmartHub.Api\SmartHub.Api.csproj", "{9E9FA8F4-9C11-4FCE-8455-E9E96EF532EE}"
EndProject
Project("{9A19103F-16F7-4668-BE54-9A1E7A4F7556}") = "SmartHub.Domain", "SmartHub.Domain\SmartHub.Domain.csproj", "{106B3ACC-8E85-4961-9CC1-F6931322CACA}"
EndProject
Project("{9A19103F-16F7-4668-BE54-9A1E7A4F7556}") = "SmartHub.Infrastructure", "SmartHub.Infrastructure\SmartHub.Infrastructure.csproj", "{1097B98A-DECF-43AB-84B7-5BD315CC417B}"
EndProject
Project("{9A19103F-16F7-4668-BE54-9A1E7A4F7556}") = "SmartHub.Application", "SmartHub.Application\SmartHub.Application.csproj", "{E666AAB0-95C1-4638-A952-97109BBF2AB4}"
EndProject
Project("{2150E333-8FDC-42A3-9474-1A3956D46DE8}") = "Solution Items", "Solution Items", "{1A1876F9-5017-4165-9ED9-FC74386AFDCB}"
	ProjectSection(SolutionItems) = preProject
		..\.editorconfig = ..\.editorconfig
		..\.gitignore = ..\.gitignore
		..\LICENSE = ..\LICENSE
		..\README.md = ..\README.md
	EndProjectSection
EndProject
Project("{2150E333-8FDC-42A3-9474-1A3956D46DE8}") = "SmartHub", "SmartHub", "{A4808DAE-2F25-4874-9D4A-778A02F10C05}"
EndProject
Project("{2150E333-8FDC-42A3-9474-1A3956D46DE8}") = "Tests", "Tests", "{1F8BFE47-D5C3-43C8-9FD7-4282A18B8900}"
EndProject
Project("{2150E333-8FDC-42A3-9474-1A3956D46DE8}") = "Shared", "Shared", "{5982C7DF-4F10-4BBF-84C4-9B5C897ADBE7}"
EndProject
Project("{9A19103F-16F7-4668-BE54-9A1E7A4F7556}") = "SmartHub.BasePlugin", "SmartHub.BasePlugin\SmartHub.BasePlugin.csproj", "{B1FC6183-41B0-439E-BA46-53B1DE88DF17}"
EndProject
Global
	GlobalSection(SolutionConfigurationPlatforms) = preSolution
		Debug|Any CPU = Debug|Any CPU
		Release|Any CPU = Release|Any CPU
	EndGlobalSection
	GlobalSection(ProjectConfigurationPlatforms) = postSolution
		{9E9FA8F4-9C11-4FCE-8455-E9E96EF532EE}.Debug|Any CPU.ActiveCfg = Debug|Any CPU
		{9E9FA8F4-9C11-4FCE-8455-E9E96EF532EE}.Debug|Any CPU.Build.0 = Debug|Any CPU
		{9E9FA8F4-9C11-4FCE-8455-E9E96EF532EE}.Release|Any CPU.ActiveCfg = Release|Any CPU
		{9E9FA8F4-9C11-4FCE-8455-E9E96EF532EE}.Release|Any CPU.Build.0 = Release|Any CPU
		{106B3ACC-8E85-4961-9CC1-F6931322CACA}.Debug|Any CPU.ActiveCfg = Debug|Any CPU
		{106B3ACC-8E85-4961-9CC1-F6931322CACA}.Debug|Any CPU.Build.0 = Debug|Any CPU
		{106B3ACC-8E85-4961-9CC1-F6931322CACA}.Release|Any CPU.ActiveCfg = Release|Any CPU
		{106B3ACC-8E85-4961-9CC1-F6931322CACA}.Release|Any CPU.Build.0 = Release|Any CPU
		{1097B98A-DECF-43AB-84B7-5BD315CC417B}.Debug|Any CPU.ActiveCfg = Debug|Any CPU
		{1097B98A-DECF-43AB-84B7-5BD315CC417B}.Debug|Any CPU.Build.0 = Debug|Any CPU
		{1097B98A-DECF-43AB-84B7-5BD315CC417B}.Release|Any CPU.ActiveCfg = Release|Any CPU
		{1097B98A-DECF-43AB-84B7-5BD315CC417B}.Release|Any CPU.Build.0 = Release|Any CPU
		{E666AAB0-95C1-4638-A952-97109BBF2AB4}.Debug|Any CPU.ActiveCfg = Debug|Any CPU
		{E666AAB0-95C1-4638-A952-97109BBF2AB4}.Debug|Any CPU.Build.0 = Debug|Any CPU
		{E666AAB0-95C1-4638-A952-97109BBF2AB4}.Release|Any CPU.ActiveCfg = Release|Any CPU
		{E666AAB0-95C1-4638-A952-97109BBF2AB4}.Release|Any CPU.Build.0 = Release|Any CPU
		{B1FC6183-41B0-439E-BA46-53B1DE88DF17}.Debug|Any CPU.ActiveCfg = Debug|Any CPU
		{B1FC6183-41B0-439E-BA46-53B1DE88DF17}.Debug|Any CPU.Build.0 = Debug|Any CPU
		{B1FC6183-41B0-439E-BA46-53B1DE88DF17}.Release|Any CPU.ActiveCfg = Release|Any CPU
		{B1FC6183-41B0-439E-BA46-53B1DE88DF17}.Release|Any CPU.Build.0 = Release|Any CPU
	EndGlobalSection
	GlobalSection(SolutionProperties) = preSolution
		HideSolutionNode = FALSE
	EndGlobalSection
	GlobalSection(NestedProjects) = preSolution
		{9E9FA8F4-9C11-4FCE-8455-E9E96EF532EE} = {A4808DAE-2F25-4874-9D4A-778A02F10C05}
		{106B3ACC-8E85-4961-9CC1-F6931322CACA} = {A4808DAE-2F25-4874-9D4A-778A02F10C05}
		{1097B98A-DECF-43AB-84B7-5BD315CC417B} = {A4808DAE-2F25-4874-9D4A-778A02F10C05}
		{E666AAB0-95C1-4638-A952-97109BBF2AB4} = {A4808DAE-2F25-4874-9D4A-778A02F10C05}
		{B1FC6183-41B0-439E-BA46-53B1DE88DF17} = {5982C7DF-4F10-4BBF-84C4-9B5C897ADBE7}
	EndGlobalSection
	GlobalSection(ExtensibilityGlobals) = postSolution
		SolutionGuid = {3B05BA04-E698-45A7-86F3-CD424A0D81C2}
	EndGlobalSection
EndGlobal
