
Microsoft Visual Studio Solution File, Format Version 12.00
# Visual Studio Version 16
VisualStudioVersion = 16.0.30114.105
MinimumVisualStudioVersion = 10.0.40219.1
Project("{9A19103F-16F7-4668-BE54-9A1E7A4F7556}") = "SmartHub.Api", "SmartHub.Api\SmartHub.Api.csproj", "{9E9FA8F4-9C11-4FCE-8455-E9E96EF532EE}"
EndProject
Project("{9A19103F-16F7-4668-BE54-9A1E7A4F7556}") = "SmartHub.Domain", "SmartHub.Domain\SmartHub.Domain.csproj", "{106B3ACC-8E85-4961-9CC1-F6931322CACA}"
EndProject
Project("{9A19103F-16F7-4668-BE54-9A1E7A4F7556}") = "SmartHub.Infrastructure", "SmartHub.Infrastructure\SmartHub.Infrastructure.csproj", "{1097B98A-DECF-43AB-84B7-5BD315CC417B}"
EndProject
Project("{9A19103F-16F7-4668-BE54-9A1E7A4F7556}") = "SmartHub.Application", "SmartHub.Application\SmartHub.Application.csproj", "{E666AAB0-95C1-4638-A952-97109BBF2AB4}"
EndProject
Project("{2150E333-8FDC-42A3-9474-1A3956D46DE8}") = "Solution Items", "Solution Items", "{1A1876F9-5017-4165-9ED9-FC74386AFDCB}"
	ProjectSection(SolutionItems) = preProject
		..\.editorconfig = ..\.editorconfig
		..\.gitignore = ..\.gitignore
		..\LICENSE = ..\LICENSE
		..\README.md = ..\README.md
		Dockerfile = Dockerfile
	EndProjectSection
EndProject
Project("{2150E333-8FDC-42A3-9474-1A3956D46DE8}") = "SmartHub", "SmartHub", "{A4808DAE-2F25-4874-9D4A-778A02F10C05}"
EndProject
Project("{2150E333-8FDC-42A3-9474-1A3956D46DE8}") = "Tests", "Tests", "{1F8BFE47-D5C3-43C8-9FD7-4282A18B8900}"
EndProject
Project("{2150E333-8FDC-42A3-9474-1A3956D46DE8}") = "Shared", "Shared", "{5982C7DF-4F10-4BBF-84C4-9B5C897ADBE7}"
EndProject
Project("{9A19103F-16F7-4668-BE54-9A1E7A4F7556}") = "SmartHub.BasePlugin", "SmartHub.BasePlugin\SmartHub.BasePlugin.csproj", "{B1FC6183-41B0-439E-BA46-53B1DE88DF17}"
EndProject
Project("{E53339B2-1760-4266-BCC7-CA923CBCF16C}") = "docker-compose", "docker-compose.dcproj", "{26357E53-7C60-4778-8280-AC153BFBB840}"
EndProject
Project("{2150E333-8FDC-42A3-9474-1A3956D46DE8}") = "Infrastructure", "Infrastructure", "{561AF7DE-4AE8-45AA-A635-929A05A3D31F}"
EndProject
Project("{9A19103F-16F7-4668-BE54-9A1E7A4F7556}") = "SmartHub.Shared", "SmartHub.Shared\SmartHub.Shared.csproj", "{16B8AF2E-97E4-4C36-AF83-7BD723DE6094}"
EndProject
Project("{2150E333-8FDC-42A3-9474-1A3956D46DE8}") = "Core", "Core", "{DDA27CA9-8837-4CBC-ADAC-64349CEF9161}"
EndProject
Project("{2150E333-8FDC-42A3-9474-1A3956D46DE8}") = "Api", "Api", "{33C49502-BBB8-44C8-BC32-8FC6068C4760}"
EndProject
Project("{2150E333-8FDC-42A3-9474-1A3956D46DE8}") = "Shared", "Shared", "{86553DD0-C07D-404B-A733-994E1160604C}"
EndProject
Project("{FAE04EC0-301F-11D3-BF4B-00C04F79EFBC}") = "SmartHub.Api.Tests", "SmartHub.Api.Tests\SmartHub.Api.Tests.csproj", "{D88D475A-433F-49F7-A026-4FD48E6CC6B9}"
EndProject
Project("{FAE04EC0-301F-11D3-BF4B-00C04F79EFBC}") = "SmartHub.Application.Tests", "SmartHub.Application.Tests\SmartHub.Application.Tests.csproj", "{9FDE31F1-709A-4A96-B1B9-56E066D2845E}"
EndProject
Project("{FAE04EC0-301F-11D3-BF4B-00C04F79EFBC}") = "SmartHub.Domain.Tests", "SmartHub.Domain.Tests\SmartHub.Domain.Tests.csproj", "{066D1F77-6245-4CF2-BF73-550977AA0267}"
EndProject
Project("{FAE04EC0-301F-11D3-BF4B-00C04F79EFBC}") = "SmartHub.Infrastructure.Tests", "SmartHub.Infrastructure.Tests\SmartHub.Infrastructure.Tests.csproj", "{492F5F85-AF96-428D-BBAF-B0C6DD40C406}"
EndProject
Project("{2150E333-8FDC-42A3-9474-1A3956D46DE8}") = "Api", "Api", "{C48DF943-EDBD-4AE4-9C79-DFCBD5737999}"
EndProject
Project("{2150E333-8FDC-42A3-9474-1A3956D46DE8}") = "Core", "Core", "{1746A48A-8512-4113-9210-BEC335DB1AB6}"
EndProject
Project("{2150E333-8FDC-42A3-9474-1A3956D46DE8}") = "Infrastructure", "Infrastructure", "{3BE06AAE-8793-4719-8985-D8F9B0CA82C6}"
EndProject
Global
	GlobalSection(SolutionConfigurationPlatforms) = preSolution
		Debug|Any CPU = Debug|Any CPU
		Release|Any CPU = Release|Any CPU
	EndGlobalSection
	GlobalSection(ProjectConfigurationPlatforms) = postSolution
		{9E9FA8F4-9C11-4FCE-8455-E9E96EF532EE}.Debug|Any CPU.ActiveCfg = Debug|Any CPU
		{9E9FA8F4-9C11-4FCE-8455-E9E96EF532EE}.Debug|Any CPU.Build.0 = Debug|Any CPU
		{9E9FA8F4-9C11-4FCE-8455-E9E96EF532EE}.Release|Any CPU.ActiveCfg = Release|Any CPU
		{9E9FA8F4-9C11-4FCE-8455-E9E96EF532EE}.Release|Any CPU.Build.0 = Release|Any CPU
		{106B3ACC-8E85-4961-9CC1-F6931322CACA}.Debug|Any CPU.ActiveCfg = Debug|Any CPU
		{106B3ACC-8E85-4961-9CC1-F6931322CACA}.Debug|Any CPU.Build.0 = Debug|Any CPU
		{106B3ACC-8E85-4961-9CC1-F6931322CACA}.Release|Any CPU.ActiveCfg = Release|Any CPU
		{106B3ACC-8E85-4961-9CC1-F6931322CACA}.Release|Any CPU.Build.0 = Release|Any CPU
		{1097B98A-DECF-43AB-84B7-5BD315CC417B}.Debug|Any CPU.ActiveCfg = Debug|Any CPU
		{1097B98A-DECF-43AB-84B7-5BD315CC417B}.Debug|Any CPU.Build.0 = Debug|Any CPU
		{1097B98A-DECF-43AB-84B7-5BD315CC417B}.Release|Any CPU.ActiveCfg = Release|Any CPU
		{1097B98A-DECF-43AB-84B7-5BD315CC417B}.Release|Any CPU.Build.0 = Release|Any CPU
		{E666AAB0-95C1-4638-A952-97109BBF2AB4}.Debug|Any CPU.ActiveCfg = Debug|Any CPU
		{E666AAB0-95C1-4638-A952-97109BBF2AB4}.Debug|Any CPU.Build.0 = Debug|Any CPU
		{E666AAB0-95C1-4638-A952-97109BBF2AB4}.Release|Any CPU.ActiveCfg = Release|Any CPU
		{E666AAB0-95C1-4638-A952-97109BBF2AB4}.Release|Any CPU.Build.0 = Release|Any CPU
		{B1FC6183-41B0-439E-BA46-53B1DE88DF17}.Debug|Any CPU.ActiveCfg = Debug|Any CPU
		{B1FC6183-41B0-439E-BA46-53B1DE88DF17}.Debug|Any CPU.Build.0 = Debug|Any CPU
		{B1FC6183-41B0-439E-BA46-53B1DE88DF17}.Release|Any CPU.ActiveCfg = Release|Any CPU
		{B1FC6183-41B0-439E-BA46-53B1DE88DF17}.Release|Any CPU.Build.0 = Release|Any CPU
		{26357E53-7C60-4778-8280-AC153BFBB840}.Debug|Any CPU.ActiveCfg = Debug|Any CPU
		{26357E53-7C60-4778-8280-AC153BFBB840}.Debug|Any CPU.Build.0 = Debug|Any CPU
		{26357E53-7C60-4778-8280-AC153BFBB840}.Release|Any CPU.ActiveCfg = Release|Any CPU
		{26357E53-7C60-4778-8280-AC153BFBB840}.Release|Any CPU.Build.0 = Release|Any CPU
		{16B8AF2E-97E4-4C36-AF83-7BD723DE6094}.Debug|Any CPU.ActiveCfg = Debug|Any CPU
		{16B8AF2E-97E4-4C36-AF83-7BD723DE6094}.Debug|Any CPU.Build.0 = Debug|Any CPU
		{16B8AF2E-97E4-4C36-AF83-7BD723DE6094}.Release|Any CPU.ActiveCfg = Release|Any CPU
		{16B8AF2E-97E4-4C36-AF83-7BD723DE6094}.Release|Any CPU.Build.0 = Release|Any CPU
		{D88D475A-433F-49F7-A026-4FD48E6CC6B9}.Debug|Any CPU.ActiveCfg = Debug|Any CPU
		{D88D475A-433F-49F7-A026-4FD48E6CC6B9}.Debug|Any CPU.Build.0 = Debug|Any CPU
		{D88D475A-433F-49F7-A026-4FD48E6CC6B9}.Release|Any CPU.ActiveCfg = Release|Any CPU
		{D88D475A-433F-49F7-A026-4FD48E6CC6B9}.Release|Any CPU.Build.0 = Release|Any CPU
		{9FDE31F1-709A-4A96-B1B9-56E066D2845E}.Debug|Any CPU.ActiveCfg = Debug|Any CPU
		{9FDE31F1-709A-4A96-B1B9-56E066D2845E}.Debug|Any CPU.Build.0 = Debug|Any CPU
		{9FDE31F1-709A-4A96-B1B9-56E066D2845E}.Release|Any CPU.ActiveCfg = Release|Any CPU
		{9FDE31F1-709A-4A96-B1B9-56E066D2845E}.Release|Any CPU.Build.0 = Release|Any CPU
		{066D1F77-6245-4CF2-BF73-550977AA0267}.Debug|Any CPU.ActiveCfg = Debug|Any CPU
		{066D1F77-6245-4CF2-BF73-550977AA0267}.Debug|Any CPU.Build.0 = Debug|Any CPU
		{066D1F77-6245-4CF2-BF73-550977AA0267}.Release|Any CPU.ActiveCfg = Release|Any CPU
		{066D1F77-6245-4CF2-BF73-550977AA0267}.Release|Any CPU.Build.0 = Release|Any CPU
		{492F5F85-AF96-428D-BBAF-B0C6DD40C406}.Debug|Any CPU.ActiveCfg = Debug|Any CPU
		{492F5F85-AF96-428D-BBAF-B0C6DD40C406}.Debug|Any CPU.Build.0 = Debug|Any CPU
		{492F5F85-AF96-428D-BBAF-B0C6DD40C406}.Release|Any CPU.ActiveCfg = Release|Any CPU
		{492F5F85-AF96-428D-BBAF-B0C6DD40C406}.Release|Any CPU.Build.0 = Release|Any CPU
	EndGlobalSection
	GlobalSection(SolutionProperties) = preSolution
		HideSolutionNode = FALSE
	EndGlobalSection
	GlobalSection(NestedProjects) = preSolution
		{9E9FA8F4-9C11-4FCE-8455-E9E96EF532EE} = {33C49502-BBB8-44C8-BC32-8FC6068C4760}
		{106B3ACC-8E85-4961-9CC1-F6931322CACA} = {DDA27CA9-8837-4CBC-ADAC-64349CEF9161}
		{1097B98A-DECF-43AB-84B7-5BD315CC417B} = {561AF7DE-4AE8-45AA-A635-929A05A3D31F}
		{E666AAB0-95C1-4638-A952-97109BBF2AB4} = {DDA27CA9-8837-4CBC-ADAC-64349CEF9161}
		{B1FC6183-41B0-439E-BA46-53B1DE88DF17} = {5982C7DF-4F10-4BBF-84C4-9B5C897ADBE7}
		{561AF7DE-4AE8-45AA-A635-929A05A3D31F} = {A4808DAE-2F25-4874-9D4A-778A02F10C05}
		{DDA27CA9-8837-4CBC-ADAC-64349CEF9161} = {A4808DAE-2F25-4874-9D4A-778A02F10C05}
		{33C49502-BBB8-44C8-BC32-8FC6068C4760} = {A4808DAE-2F25-4874-9D4A-778A02F10C05}
		{86553DD0-C07D-404B-A733-994E1160604C} = {A4808DAE-2F25-4874-9D4A-778A02F10C05}
		{16B8AF2E-97E4-4C36-AF83-7BD723DE6094} = {86553DD0-C07D-404B-A733-994E1160604C}
		{C48DF943-EDBD-4AE4-9C79-DFCBD5737999} = {1F8BFE47-D5C3-43C8-9FD7-4282A18B8900}
		{D88D475A-433F-49F7-A026-4FD48E6CC6B9} = {C48DF943-EDBD-4AE4-9C79-DFCBD5737999}
		{1746A48A-8512-4113-9210-BEC335DB1AB6} = {1F8BFE47-D5C3-43C8-9FD7-4282A18B8900}
		{9FDE31F1-709A-4A96-B1B9-56E066D2845E} = {1746A48A-8512-4113-9210-BEC335DB1AB6}
		{066D1F77-6245-4CF2-BF73-550977AA0267} = {1746A48A-8512-4113-9210-BEC335DB1AB6}
		{3BE06AAE-8793-4719-8985-D8F9B0CA82C6} = {1F8BFE47-D5C3-43C8-9FD7-4282A18B8900}
		{492F5F85-AF96-428D-BBAF-B0C6DD40C406} = {3BE06AAE-8793-4719-8985-D8F9B0CA82C6}
		{1F8BFE47-D5C3-43C8-9FD7-4282A18B8900} = {A4808DAE-2F25-4874-9D4A-778A02F10C05}
	EndGlobalSection
	GlobalSection(ExtensibilityGlobals) = postSolution
		SolutionGuid = {3B05BA04-E698-45A7-86F3-CD424A0D81C2}
	EndGlobalSection
EndGlobal
